{
  "pins" : [
    {
      "identity" : "cocoamqtt",
      "kind" : "remoteSourceControl",
      "location" : "https://github.com/emqx/CocoaMQTT",
      "state" : {
        "revision" : "354938b60768d257b34e7e4451a33fd31148da6e",
        "version" : "2.0.9"
      }
    },
    {
      "identity" : "easyskeleton",
      "kind" : "remoteSourceControl",
      "location" : "https://github.com/SpectralDragon/EasySkeleton",
      "state" : {
        "branch" : "main",
        "revision" : "1cfdd165da0619053a931df3b03d22b6f42a7924"
      }
    },
    {
      "identity" : "mqttcocoaasyncsocket",
      "kind" : "remoteSourceControl",
      "location" : "https://github.com/leeway1208/MqttCocoaAsyncSocket",
      "state" : {
        "revision" : "ce3e18607fd01079495f86ff6195d8a3ca469f73",
        "version" : "1.0.8"
      }
    },
    {
      "identity" : "starscream",
      "kind" : "remoteSourceControl",
      "location" : "https://github.com/daltoniam/Starscream.git",
      "state" : {
        "revision" : "a063fda2b8145a231953c20e7a646be254365396",
        "version" : "3.1.2"
      }
    }
  ],
  "version" : 2
}
